<?xml version="1.0" encoding="utf-8"?>
<Project ToolsVersion="4.0" xmlns="http://schemas.microsoft.com/developer/msbuild/2003">
  <ItemGroup>
    <Filter Include="ソース ファイル">
      <UniqueIdentifier>{4FC737F1-C7A5-4376-A066-2A32D752A2FF}</UniqueIdentifier>
      <Extensions>cpp;c;cc;cxx;def;odl;idl;hpj;bat;asm;asmx</Extensions>
    </Filter>
    <Filter Include="ソース ファイル\Ruig">
      <UniqueIdentifier>{c66a5ff3-f1ad-4dd3-a22d-38f91928347e}</UniqueIdentifier>
    </Filter>
    <Filter Include="ソース ファイル\Proc">
      <UniqueIdentifier>{dd8a4c74-8b64-4801-a31e-6ab62bc70d7a}</UniqueIdentifier>
    </Filter>
    <Filter Include="ソース ファイル\Misc">
      <UniqueIdentifier>{36973b82-65d8-4eed-a0f7-a2dfec10e278}</UniqueIdentifier>
    </Filter>
    <Filter Include="ソース ファイル\ImgFmt">
      <UniqueIdentifier>{e3d1d9ce-f924-4781-8271-39197315d4ee}</UniqueIdentifier>
    </Filter>
    <Filter Include="ソース ファイル\ImgFmt\jpeg">
      <UniqueIdentifier>{19704981-b285-4aa8-a3b8-208147ebacb8}</UniqueIdentifier>
    </Filter>
    <Filter Include="ソース ファイル\ImgFmt\libpng">
      <UniqueIdentifier>{b95c0880-4db4-4673-b0b0-f368d09aace5}</UniqueIdentifier>
    </Filter>
    <Filter Include="ソース ファイル\ImgFmt\zlib">
      <UniqueIdentifier>{a359f00c-91af-4f25-a934-c3a9e410e8c0}</UniqueIdentifier>
    </Filter>
  </ItemGroup>
  <ItemGroup>
    <ClInclude Include="stdafx.h">
      <Filter>ソース ファイル\Ruig</Filter>
    </ClInclude>
    <ClInclude Include="targetver.h">
      <Filter>ソース ファイル\Ruig</Filter>
    </ClInclude>
    <ClInclude Include="..\Proc\BppCnvImg.h">
      <Filter>ソース ファイル\Proc</Filter>
    </ClInclude>
    <ClInclude Include="..\Proc\DecreaseColorHst.h">
      <Filter>ソース ファイル\Proc</Filter>
    </ClInclude>
    <ClInclude Include="..\Proc\DecreaseColorIfWithin256.h">
      <Filter>ソース ファイル\Proc</Filter>
    </ClInclude>
    <ClInclude Include="..\Proc\DecreaseColorMC.h">
      <Filter>ソース ファイル\Proc</Filter>
    </ClInclude>
    <ClInclude Include="..\Proc\FixedClut256.h">
      <Filter>ソース ファイル\Proc</Filter>
    </ClInclude>
    <ClInclude Include="..\Proc\PaternDither.h">
      <Filter>ソース ファイル\Proc</Filter>
    </ClInclude>
    <ClInclude Include="..\Proc\pix_subr.h">
      <Filter>ソース ファイル\Proc</Filter>
    </ClInclude>
    <ClInclude Include="..\Proc\pix32_bokashi.h">
      <Filter>ソース ファイル\Proc</Filter>
    </ClInclude>
    <ClInclude Include="..\Proc\pix32_colCnv.h">
      <Filter>ソース ファイル\Proc</Filter>
    </ClInclude>
    <ClInclude Include="..\Proc\pix32_filter.h">
      <Filter>ソース ファイル\Proc</Filter>
    </ClInclude>
    <ClInclude Include="..\Proc\pix32_paint.h">
      <Filter>ソース ファイル\Proc</Filter>
    </ClInclude>
    <ClInclude Include="..\Proc\pix32_resize.h">
      <Filter>ソース ファイル\Proc</Filter>
    </ClInclude>
    <ClInclude Include="..\misc\ExArgv.h">
      <Filter>ソース ファイル\Misc</Filter>
    </ClInclude>
    <ClInclude Include="..\misc\File.h">
      <Filter>ソース ファイル\Misc</Filter>
    </ClInclude>
    <ClInclude Include="..\misc\mem_mac.h">
      <Filter>ソース ファイル\Misc</Filter>
    </ClInclude>
    <ClInclude Include="..\misc\misc.h">
      <Filter>ソース ファイル\Misc</Filter>
    </ClInclude>
    <ClInclude Include="..\misc\subr.h">
      <Filter>ソース ファイル\Misc</Filter>
    </ClInclude>
    <ClInclude Include="..\ImgFmt\JpgDecoder.h">
      <Filter>ソース ファイル\ImgFmt</Filter>
    </ClInclude>
    <ClInclude Include="..\ImgFmt\JpgEncoder.h">
      <Filter>ソース ファイル\ImgFmt</Filter>
    </ClInclude>
    <ClInclude Include="..\ImgFmt\PngDecoder.h">
      <Filter>ソース ファイル\ImgFmt</Filter>
    </ClInclude>
    <ClInclude Include="..\ImgFmt\PngEncoder.h">
      <Filter>ソース ファイル\ImgFmt</Filter>
    </ClInclude>
    <ClInclude Include="..\misc\intrusive_ptr.hpp">
      <Filter>ソース ファイル\Misc</Filter>
    </ClInclude>
    <ClInclude Include="..\misc\intrusive_ptr_ref_count.hpp">
      <Filter>ソース ファイル\Misc</Filter>
    </ClInclude>
    <ClInclude Include="RuigMgr.hpp">
      <Filter>ソース ファイル\Ruig</Filter>
    </ClInclude>
    <ClInclude Include="..\misc\fks_file_time.h">
      <Filter>ソース ファイル\Misc</Filter>
    </ClInclude>
  </ItemGroup>
  <ItemGroup>
    <ClCompile Include="Ruig.cpp">
      <Filter>ソース ファイル\Ruig</Filter>
    </ClCompile>
    <ClCompile Include="stdafx.cpp">
      <Filter>ソース ファイル\Ruig</Filter>
    </ClCompile>
    <ClCompile Include="..\misc\ExArgv.c">
      <Filter>ソース ファイル\Misc</Filter>
    </ClCompile>
    <ClCompile Include="..\misc\StrExpr.c">
      <Filter>ソース ファイル\Misc</Filter>
    </ClCompile>
    <ClCompile Include="..\misc\subr.c">
      <Filter>ソース ファイル\Misc</Filter>
    </ClCompile>
    <ClCompile Include="..\ImgFmt\JpgDecoder.cpp">
      <Filter>ソース ファイル\ImgFmt</Filter>
    </ClCompile>
    <ClCompile Include="..\ImgFmt\JpgEncoder.cpp">
      <Filter>ソース ファイル\ImgFmt</Filter>
    </ClCompile>
    <ClCompile Include="..\ImgFmt\PngDecoder.cpp">
      <Filter>ソース ファイル\ImgFmt</Filter>
    </ClCompile>
    <ClCompile Include="..\ImgFmt\PngEncoder.cpp">
      <Filter>ソース ファイル\ImgFmt</Filter>
    </ClCompile>
    <ClCompile Include="RuigMgr.cpp">
      <Filter>ソース ファイル\Ruig</Filter>
    </ClCompile>
    <ClCompile Include="..\ImgFmt\jpeg\jaricom.c">
      <Filter>ソース ファイル\ImgFmt\jpeg</Filter>
    </ClCompile>
    <ClCompile Include="..\ImgFmt\jpeg\jcapimin.c">
      <Filter>ソース ファイル\ImgFmt\jpeg</Filter>
    </ClCompile>
    <ClCompile Include="..\ImgFmt\jpeg\jcapistd.c">
      <Filter>ソース ファイル\ImgFmt\jpeg</Filter>
    </ClCompile>
    <ClCompile Include="..\ImgFmt\jpeg\jcarith.c">
      <Filter>ソース ファイル\ImgFmt\jpeg</Filter>
    </ClCompile>
    <ClCompile Include="..\ImgFmt\jpeg\jccoefct.c">
      <Filter>ソース ファイル\ImgFmt\jpeg</Filter>
    </ClCompile>
    <ClCompile Include="..\ImgFmt\jpeg\jccolor.c">
      <Filter>ソース ファイル\ImgFmt\jpeg</Filter>
    </ClCompile>
    <ClCompile Include="..\ImgFmt\jpeg\jcdctmgr.c">
      <Filter>ソース ファイル\ImgFmt\jpeg</Filter>
    </ClCompile>
    <ClCompile Include="..\ImgFmt\jpeg\jchuff.c">
      <Filter>ソース ファイル\ImgFmt\jpeg</Filter>
    </ClCompile>
    <ClCompile Include="..\ImgFmt\jpeg\jcinit.c">
      <Filter>ソース ファイル\ImgFmt\jpeg</Filter>
    </ClCompile>
    <ClCompile Include="..\ImgFmt\jpeg\jcmainct.c">
      <Filter>ソース ファイル\ImgFmt\jpeg</Filter>
    </ClCompile>
    <ClCompile Include="..\ImgFmt\jpeg\jcmarker.c">
      <Filter>ソース ファイル\ImgFmt\jpeg</Filter>
    </ClCompile>
    <ClCompile Include="..\ImgFmt\jpeg\jcmaster.c">
      <Filter>ソース ファイル\ImgFmt\jpeg</Filter>
    </ClCompile>
    <ClCompile Include="..\ImgFmt\jpeg\jcomapi.c">
      <Filter>ソース ファイル\ImgFmt\jpeg</Filter>
    </ClCompile>
    <ClCompile Include="..\ImgFmt\jpeg\jcparam.c">
      <Filter>ソース ファイル\ImgFmt\jpeg</Filter>
    </ClCompile>
    <ClCompile Include="..\ImgFmt\jpeg\jcprepct.c">
      <Filter>ソース ファイル\ImgFmt\jpeg</Filter>
    </ClCompile>
    <ClCompile Include="..\ImgFmt\jpeg\jcsample.c">
      <Filter>ソース ファイル\ImgFmt\jpeg</Filter>
    </ClCompile>
    <ClCompile Include="..\ImgFmt\jpeg\jctrans.c">
      <Filter>ソース ファイル\ImgFmt\jpeg</Filter>
    </ClCompile>
    <ClCompile Include="..\ImgFmt\jpeg\jdapimin.c">
      <Filter>ソース ファイル\ImgFmt\jpeg</Filter>
    </ClCompile>
    <ClCompile Include="..\ImgFmt\jpeg\jdapistd.c">
      <Filter>ソース ファイル\ImgFmt\jpeg</Filter>
    </ClCompile>
    <ClCompile Include="..\ImgFmt\jpeg\jdarith.c">
      <Filter>ソース ファイル\ImgFmt\jpeg</Filter>
    </ClCompile>
    <ClCompile Include="..\ImgFmt\jpeg\jdatadst.c">
      <Filter>ソース ファイル\ImgFmt\jpeg</Filter>
    </ClCompile>
    <ClCompile Include="..\ImgFmt\jpeg\jdatasrc.c">
      <Filter>ソース ファイル\ImgFmt\jpeg</Filter>
    </ClCompile>
    <ClCompile Include="..\ImgFmt\jpeg\jdcoefct.c">
      <Filter>ソース ファイル\ImgFmt\jpeg</Filter>
    </ClCompile>
    <ClCompile Include="..\ImgFmt\jpeg\jdcolor.c">
      <Filter>ソース ファイル\ImgFmt\jpeg</Filter>
    </ClCompile>
    <ClCompile Include="..\ImgFmt\jpeg\jddctmgr.c">
      <Filter>ソース ファイル\ImgFmt\jpeg</Filter>
    </ClCompile>
    <ClCompile Include="..\ImgFmt\jpeg\jdhuff.c">
      <Filter>ソース ファイル\ImgFmt\jpeg</Filter>
    </ClCompile>
    <ClCompile Include="..\ImgFmt\jpeg\jdinput.c">
      <Filter>ソース ファイル\ImgFmt\jpeg</Filter>
    </ClCompile>
    <ClCompile Include="..\ImgFmt\jpeg\jdmainct.c">
      <Filter>ソース ファイル\ImgFmt\jpeg</Filter>
    </ClCompile>
    <ClCompile Include="..\ImgFmt\jpeg\jdmarker.c">
      <Filter>ソース ファイル\ImgFmt\jpeg</Filter>
    </ClCompile>
    <ClCompile Include="..\ImgFmt\jpeg\jdmaster.c">
      <Filter>ソース ファイル\ImgFmt\jpeg</Filter>
    </ClCompile>
    <ClCompile Include="..\ImgFmt\jpeg\jdmerge.c">
      <Filter>ソース ファイル\ImgFmt\jpeg</Filter>
    </ClCompile>
    <ClCompile Include="..\ImgFmt\jpeg\jdpostct.c">
      <Filter>ソース ファイル\ImgFmt\jpeg</Filter>
    </ClCompile>
    <ClCompile Include="..\ImgFmt\jpeg\jdsample.c">
      <Filter>ソース ファイル\ImgFmt\jpeg</Filter>
    </ClCompile>
    <ClCompile Include="..\ImgFmt\jpeg\jdtrans.c">
      <Filter>ソース ファイル\ImgFmt\jpeg</Filter>
    </ClCompile>
    <ClCompile Include="..\ImgFmt\jpeg\jerror.c">
      <Filter>ソース ファイル\ImgFmt\jpeg</Filter>
    </ClCompile>
    <ClCompile Include="..\ImgFmt\jpeg\jfdctflt.c">
      <Filter>ソース ファイル\ImgFmt\jpeg</Filter>
    </ClCompile>
    <ClCompile Include="..\ImgFmt\jpeg\jfdctfst.c">
      <Filter>ソース ファイル\ImgFmt\jpeg</Filter>
    </ClCompile>
    <ClCompile Include="..\ImgFmt\jpeg\jfdctint.c">
      <Filter>ソース ファイル\ImgFmt\jpeg</Filter>
    </ClCompile>
    <ClCompile Include="..\ImgFmt\jpeg\jidctflt.c">
      <Filter>ソース ファイル\ImgFmt\jpeg</Filter>
    </ClCompile>
    <ClCompile Include="..\ImgFmt\jpeg\jidctfst.c">
      <Filter>ソース ファイル\ImgFmt\jpeg</Filter>
    </ClCompile>
    <ClCompile Include="..\ImgFmt\jpeg\jidctint.c">
      <Filter>ソース ファイル\ImgFmt\jpeg</Filter>
    </ClCompile>
    <ClCompile Include="..\ImgFmt\jpeg\jmemmgr.c">
      <Filter>ソース ファイル\ImgFmt\jpeg</Filter>
    </ClCompile>
    <ClCompile Include="..\ImgFmt\jpeg\jmemnobs.c">
      <Filter>ソース ファイル\ImgFmt\jpeg</Filter>
    </ClCompile>
    <ClCompile Include="..\ImgFmt\jpeg\jquant1.c">
      <Filter>ソース ファイル\ImgFmt\jpeg</Filter>
    </ClCompile>
    <ClCompile Include="..\ImgFmt\jpeg\jquant2.c">
      <Filter>ソース ファイル\ImgFmt\jpeg</Filter>
    </ClCompile>
    <ClCompile Include="..\ImgFmt\jpeg\jutils.c">
      <Filter>ソース ファイル\ImgFmt\jpeg</Filter>
    </ClCompile>
    <ClCompile Include="..\ImgFmt\libpng\png.c">
      <Filter>ソース ファイル\ImgFmt\libpng</Filter>
    </ClCompile>
    <ClCompile Include="..\ImgFmt\libpng\pngerror.c">
      <Filter>ソース ファイル\ImgFmt\libpng</Filter>
    </ClCompile>
    <ClCompile Include="..\ImgFmt\libpng\pngget.c">
      <Filter>ソース ファイル\ImgFmt\libpng</Filter>
    </ClCompile>
    <ClCompile Include="..\ImgFmt\libpng\pngmem.c">
      <Filter>ソース ファイル\ImgFmt\libpng</Filter>
    </ClCompile>
    <ClCompile Include="..\ImgFmt\libpng\pngpread.c">
      <Filter>ソース ファイル\ImgFmt\libpng</Filter>
    </ClCompile>
    <ClCompile Include="..\ImgFmt\libpng\pngread.c">
      <Filter>ソース ファイル\ImgFmt\libpng</Filter>
    </ClCompile>
    <ClCompile Include="..\ImgFmt\libpng\pngrio.c">
      <Filter>ソース ファイル\ImgFmt\libpng</Filter>
    </ClCompile>
    <ClCompile Include="..\ImgFmt\libpng\pngrtran.c">
      <Filter>ソース ファイル\ImgFmt\libpng</Filter>
    </ClCompile>
    <ClCompile Include="..\ImgFmt\libpng\pngrutil.c">
      <Filter>ソース ファイル\ImgFmt\libpng</Filter>
    </ClCompile>
    <ClCompile Include="..\ImgFmt\libpng\pngset.c">
      <Filter>ソース ファイル\ImgFmt\libpng</Filter>
    </ClCompile>
    <ClCompile Include="..\ImgFmt\libpng\pngtrans.c">
      <Filter>ソース ファイル\ImgFmt\libpng</Filter>
    </ClCompile>
    <ClCompile Include="..\ImgFmt\libpng\pngwio.c">
      <Filter>ソース ファイル\ImgFmt\libpng</Filter>
    </ClCompile>
    <ClCompile Include="..\ImgFmt\libpng\pngwrite.c">
      <Filter>ソース ファイル\ImgFmt\libpng</Filter>
    </ClCompile>
    <ClCompile Include="..\ImgFmt\libpng\pngwtran.c">
      <Filter>ソース ファイル\ImgFmt\libpng</Filter>
    </ClCompile>
    <ClCompile Include="..\ImgFmt\libpng\pngwutil.c">
      <Filter>ソース ファイル\ImgFmt\libpng</Filter>
    </ClCompile>
    <ClCompile Include="..\ImgFmt\zlib\zutil.c">
      <Filter>ソース ファイル\ImgFmt\zlib</Filter>
    </ClCompile>
    <ClCompile Include="..\ImgFmt\zlib\trees.c">
      <Filter>ソース ファイル\ImgFmt\zlib</Filter>
    </ClCompile>
    <ClCompile Include="..\ImgFmt\zlib\uncompr.c">
      <Filter>ソース ファイル\ImgFmt\zlib</Filter>
    </ClCompile>
    <ClCompile Include="..\ImgFmt\zlib\adler32.c">
      <Filter>ソース ファイル\ImgFmt\zlib</Filter>
    </ClCompile>
    <ClCompile Include="..\ImgFmt\zlib\compress.c">
      <Filter>ソース ファイル\ImgFmt\zlib</Filter>
    </ClCompile>
    <ClCompile Include="..\ImgFmt\zlib\crc32.c">
      <Filter>ソース ファイル\ImgFmt\zlib</Filter>
    </ClCompile>
    <ClCompile Include="..\ImgFmt\zlib\deflate.c">
      <Filter>ソース ファイル\ImgFmt\zlib</Filter>
    </ClCompile>
    <ClCompile Include="..\ImgFmt\zlib\infback.c">
      <Filter>ソース ファイル\ImgFmt\zlib</Filter>
    </ClCompile>
    <ClCompile Include="..\ImgFmt\zlib\inffast.c">
      <Filter>ソース ファイル\ImgFmt\zlib</Filter>
    </ClCompile>
    <ClCompile Include="..\ImgFmt\zlib\inflate.c">
      <Filter>ソース ファイル\ImgFmt\zlib</Filter>
    </ClCompile>
    <ClCompile Include="..\ImgFmt\zlib\inftrees.c">
      <Filter>ソース ファイル\ImgFmt\zlib</Filter>
    </ClCompile>
    <ClCompile Include="..\misc\fks_file_time.c">
      <Filter>ソース ファイル\Misc</Filter>
    </ClCompile>
  </ItemGroup>
</Project>