<?xml version="1.0" encoding="utf-8"?>
<Project ToolsVersion="4.0" xmlns="http://schemas.microsoft.com/developer/msbuild/2003">
  <ItemGroup>
    <Filter Include="sources">
      <UniqueIdentifier>{f2d8090d-d1b7-476c-a06e-5b333a8af013}</UniqueIdentifier>
      <Extensions>cpp;c;cxx;def;odl;idl;hpj;bat;asm</Extensions>
    </Filter>
    <Filter Include="Proc">
      <UniqueIdentifier>{ff07d8ce-ace4-4c82-aeb4-bbc495babfa6}</UniqueIdentifier>
      <Extensions>h;hpp;hxx;hm;inl;inc</Extensions>
    </Filter>
    <Filter Include="Misc">
      <UniqueIdentifier>{373c76ae-f43a-4736-a983-79b166eb2bb6}</UniqueIdentifier>
      <Extensions>cpp;c;cxx;def;odl;idl;hpj;bat;asm;h;hpp;hxx;hm;inl;inc</Extensions>
    </Filter>
    <Filter Include="ImgFmt sources">
      <UniqueIdentifier>{89a2fe5d-7fa4-42b3-9f02-1b06553b0083}</UniqueIdentifier>
      <Extensions>cpp;c;cxx;def;odl;idl;hpj;bat;asm</Extensions>
    </Filter>
    <Filter Include="ImgFmt sources\libpng">
      <UniqueIdentifier>{59efdcc4-9026-4077-9900-c3cbc84c23a1}</UniqueIdentifier>
    </Filter>
    <Filter Include="ImgFmt sources\zlib">
      <UniqueIdentifier>{542697c8-656a-4f28-b48b-09311abbb559}</UniqueIdentifier>
    </Filter>
    <Filter Include="ImgFmt sources\libjpeg">
      <UniqueIdentifier>{b2d72a59-5b87-470e-a3af-2504ddc6435b}</UniqueIdentifier>
    </Filter>
    <Filter Include="ImgFmt header">
      <UniqueIdentifier>{5ee2cc59-0d92-4959-bc88-6bd725235dec}</UniqueIdentifier>
      <Extensions>h;hpp;hxx;hm;inl;inc</Extensions>
    </Filter>
  </ItemGroup>
  <ItemGroup>
    <ClCompile Include="BmImgLoad.cpp">
      <Filter>sources</Filter>
    </ClCompile>
    <ClCompile Include="BmImgSave.cpp">
      <Filter>sources</Filter>
    </ClCompile>
    <ClCompile Include="bmptg.cpp">
      <Filter>sources</Filter>
    </ClCompile>
    <ClCompile Include="ConvOne.cpp">
      <Filter>sources</Filter>
    </ClCompile>
    <ClCompile Include="gen.cpp">
      <Filter>sources</Filter>
    </ClCompile>
    <ClCompile Include="gen_clm8.c">
      <Filter>sources</Filter>
    </ClCompile>
    <ClCompile Include="gen_clmp.c">
      <Filter>sources</Filter>
    </ClCompile>
    <ClCompile Include="..\Proc\pix32.c">
      <Filter>Proc</Filter>
    </ClCompile>
    <ClCompile Include="..\Proc\pix32_kyuv.c">
      <Filter>Proc</Filter>
    </ClCompile>
    <ClCompile Include="..\Proc\pix32_resizeAveragingI.c">
      <Filter>Proc</Filter>
    </ClCompile>
    <ClCompile Include="..\Proc\pix32_resizeBicubic.c">
      <Filter>Proc</Filter>
    </ClCompile>
    <ClCompile Include="..\Proc\pix32_resizeBilinear.c">
      <Filter>Proc</Filter>
    </ClCompile>
    <ClCompile Include="..\Proc\pix8.c">
      <Filter>Proc</Filter>
    </ClCompile>
    <ClCompile Include="..\misc\StrExpr.c">
      <Filter>Misc</Filter>
    </ClCompile>
    <ClCompile Include="..\misc\subr.c">
      <Filter>Misc</Filter>
    </ClCompile>
    <ClCompile Include="..\ImgFmt\beta.c">
      <Filter>ImgFmt sources</Filter>
    </ClCompile>
    <ClCompile Include="..\ImgFmt\bmp_read.c">
      <Filter>ImgFmt sources</Filter>
    </ClCompile>
    <ClCompile Include="..\ImgFmt\bmp_wrt.c">
      <Filter>ImgFmt sources</Filter>
    </ClCompile>
    <ClCompile Include="..\ImgFmt\JpgDecoder.cpp">
      <Filter>ImgFmt sources</Filter>
    </ClCompile>
    <ClCompile Include="..\ImgFmt\JpgEncoder.cpp">
      <Filter>ImgFmt sources</Filter>
    </ClCompile>
    <ClCompile Include="..\ImgFmt\PngDecoder.cpp">
      <Filter>ImgFmt sources</Filter>
    </ClCompile>
    <ClCompile Include="..\ImgFmt\PngEncoder.cpp">
      <Filter>ImgFmt sources</Filter>
    </ClCompile>
    <ClCompile Include="..\ImgFmt\tga_read.c">
      <Filter>ImgFmt sources</Filter>
    </ClCompile>
    <ClCompile Include="..\ImgFmt\tga_wrt.c">
      <Filter>ImgFmt sources</Filter>
    </ClCompile>
    <ClCompile Include="..\ImgFmt\libpng\png.c">
      <Filter>ImgFmt sources\libpng</Filter>
    </ClCompile>
    <ClCompile Include="..\ImgFmt\libpng\pngerror.c">
      <Filter>ImgFmt sources\libpng</Filter>
    </ClCompile>
    <ClCompile Include="..\ImgFmt\libpng\pngget.c">
      <Filter>ImgFmt sources\libpng</Filter>
    </ClCompile>
    <ClCompile Include="..\ImgFmt\libpng\pngmem.c">
      <Filter>ImgFmt sources\libpng</Filter>
    </ClCompile>
    <ClCompile Include="..\ImgFmt\libpng\pngpread.c">
      <Filter>ImgFmt sources\libpng</Filter>
    </ClCompile>
    <ClCompile Include="..\ImgFmt\libpng\pngread.c">
      <Filter>ImgFmt sources\libpng</Filter>
    </ClCompile>
    <ClCompile Include="..\ImgFmt\libpng\pngrio.c">
      <Filter>ImgFmt sources\libpng</Filter>
    </ClCompile>
    <ClCompile Include="..\ImgFmt\libpng\pngrtran.c">
      <Filter>ImgFmt sources\libpng</Filter>
    </ClCompile>
    <ClCompile Include="..\ImgFmt\libpng\pngrutil.c">
      <Filter>ImgFmt sources\libpng</Filter>
    </ClCompile>
    <ClCompile Include="..\ImgFmt\libpng\pngset.c">
      <Filter>ImgFmt sources\libpng</Filter>
    </ClCompile>
    <ClCompile Include="..\ImgFmt\libpng\pngtrans.c">
      <Filter>ImgFmt sources\libpng</Filter>
    </ClCompile>
    <ClCompile Include="..\ImgFmt\libpng\pngwio.c">
      <Filter>ImgFmt sources\libpng</Filter>
    </ClCompile>
    <ClCompile Include="..\ImgFmt\libpng\pngwrite.c">
      <Filter>ImgFmt sources\libpng</Filter>
    </ClCompile>
    <ClCompile Include="..\ImgFmt\libpng\pngwtran.c">
      <Filter>ImgFmt sources\libpng</Filter>
    </ClCompile>
    <ClCompile Include="..\ImgFmt\libpng\pngwutil.c">
      <Filter>ImgFmt sources\libpng</Filter>
    </ClCompile>
    <ClCompile Include="..\ImgFmt\zlib\adler32.c">
      <Filter>ImgFmt sources\zlib</Filter>
    </ClCompile>
    <ClCompile Include="..\ImgFmt\zlib\compress.c">
      <Filter>ImgFmt sources\zlib</Filter>
    </ClCompile>
    <ClCompile Include="..\ImgFmt\zlib\crc32.c">
      <Filter>ImgFmt sources\zlib</Filter>
    </ClCompile>
    <ClCompile Include="..\ImgFmt\zlib\deflate.c">
      <Filter>ImgFmt sources\zlib</Filter>
    </ClCompile>
    <ClCompile Include="..\ImgFmt\zlib\infback.c">
      <Filter>ImgFmt sources\zlib</Filter>
    </ClCompile>
    <ClCompile Include="..\ImgFmt\zlib\inffast.c">
      <Filter>ImgFmt sources\zlib</Filter>
    </ClCompile>
    <ClCompile Include="..\ImgFmt\zlib\inflate.c">
      <Filter>ImgFmt sources\zlib</Filter>
    </ClCompile>
    <ClCompile Include="..\ImgFmt\zlib\inftrees.c">
      <Filter>ImgFmt sources\zlib</Filter>
    </ClCompile>
    <ClCompile Include="..\ImgFmt\zlib\trees.c">
      <Filter>ImgFmt sources\zlib</Filter>
    </ClCompile>
    <ClCompile Include="..\ImgFmt\zlib\uncompr.c">
      <Filter>ImgFmt sources\zlib</Filter>
    </ClCompile>
    <ClCompile Include="..\ImgFmt\zlib\zutil.c">
      <Filter>ImgFmt sources\zlib</Filter>
    </ClCompile>
    <ClCompile Include="..\ImgFmt\jpeg\jaricom.c">
      <Filter>ImgFmt sources\libjpeg</Filter>
    </ClCompile>
    <ClCompile Include="..\ImgFmt\jpeg\jcapimin.c">
      <Filter>ImgFmt sources\libjpeg</Filter>
    </ClCompile>
    <ClCompile Include="..\ImgFmt\jpeg\jcapistd.c">
      <Filter>ImgFmt sources\libjpeg</Filter>
    </ClCompile>
    <ClCompile Include="..\ImgFmt\jpeg\jcarith.c">
      <Filter>ImgFmt sources\libjpeg</Filter>
    </ClCompile>
    <ClCompile Include="..\ImgFmt\jpeg\jccoefct.c">
      <Filter>ImgFmt sources\libjpeg</Filter>
    </ClCompile>
    <ClCompile Include="..\ImgFmt\jpeg\jccolor.c">
      <Filter>ImgFmt sources\libjpeg</Filter>
    </ClCompile>
    <ClCompile Include="..\ImgFmt\jpeg\jcdctmgr.c">
      <Filter>ImgFmt sources\libjpeg</Filter>
    </ClCompile>
    <ClCompile Include="..\ImgFmt\jpeg\jchuff.c">
      <Filter>ImgFmt sources\libjpeg</Filter>
    </ClCompile>
    <ClCompile Include="..\ImgFmt\jpeg\jcinit.c">
      <Filter>ImgFmt sources\libjpeg</Filter>
    </ClCompile>
    <ClCompile Include="..\ImgFmt\jpeg\jcmainct.c">
      <Filter>ImgFmt sources\libjpeg</Filter>
    </ClCompile>
    <ClCompile Include="..\ImgFmt\jpeg\jcmarker.c">
      <Filter>ImgFmt sources\libjpeg</Filter>
    </ClCompile>
    <ClCompile Include="..\ImgFmt\jpeg\jcmaster.c">
      <Filter>ImgFmt sources\libjpeg</Filter>
    </ClCompile>
    <ClCompile Include="..\ImgFmt\jpeg\jcomapi.c">
      <Filter>ImgFmt sources\libjpeg</Filter>
    </ClCompile>
    <ClCompile Include="..\ImgFmt\jpeg\jcparam.c">
      <Filter>ImgFmt sources\libjpeg</Filter>
    </ClCompile>
    <ClCompile Include="..\ImgFmt\jpeg\jcprepct.c">
      <Filter>ImgFmt sources\libjpeg</Filter>
    </ClCompile>
    <ClCompile Include="..\ImgFmt\jpeg\jcsample.c">
      <Filter>ImgFmt sources\libjpeg</Filter>
    </ClCompile>
    <ClCompile Include="..\ImgFmt\jpeg\jctrans.c">
      <Filter>ImgFmt sources\libjpeg</Filter>
    </ClCompile>
    <ClCompile Include="..\ImgFmt\jpeg\jdapimin.c">
      <Filter>ImgFmt sources\libjpeg</Filter>
    </ClCompile>
    <ClCompile Include="..\ImgFmt\jpeg\jdapistd.c">
      <Filter>ImgFmt sources\libjpeg</Filter>
    </ClCompile>
    <ClCompile Include="..\ImgFmt\jpeg\jdarith.c">
      <Filter>ImgFmt sources\libjpeg</Filter>
    </ClCompile>
    <ClCompile Include="..\ImgFmt\jpeg\jdatadst.c">
      <Filter>ImgFmt sources\libjpeg</Filter>
    </ClCompile>
    <ClCompile Include="..\ImgFmt\jpeg\jdatasrc.c">
      <Filter>ImgFmt sources\libjpeg</Filter>
    </ClCompile>
    <ClCompile Include="..\ImgFmt\jpeg\jdcoefct.c">
      <Filter>ImgFmt sources\libjpeg</Filter>
    </ClCompile>
    <ClCompile Include="..\ImgFmt\jpeg\jdcolor.c">
      <Filter>ImgFmt sources\libjpeg</Filter>
    </ClCompile>
    <ClCompile Include="..\ImgFmt\jpeg\jddctmgr.c">
      <Filter>ImgFmt sources\libjpeg</Filter>
    </ClCompile>
    <ClCompile Include="..\ImgFmt\jpeg\jdhuff.c">
      <Filter>ImgFmt sources\libjpeg</Filter>
    </ClCompile>
    <ClCompile Include="..\ImgFmt\jpeg\jdinput.c">
      <Filter>ImgFmt sources\libjpeg</Filter>
    </ClCompile>
    <ClCompile Include="..\ImgFmt\jpeg\jdmainct.c">
      <Filter>ImgFmt sources\libjpeg</Filter>
    </ClCompile>
    <ClCompile Include="..\ImgFmt\jpeg\jdmarker.c">
      <Filter>ImgFmt sources\libjpeg</Filter>
    </ClCompile>
    <ClCompile Include="..\ImgFmt\jpeg\jdmaster.c">
      <Filter>ImgFmt sources\libjpeg</Filter>
    </ClCompile>
    <ClCompile Include="..\ImgFmt\jpeg\jdmerge.c">
      <Filter>ImgFmt sources\libjpeg</Filter>
    </ClCompile>
    <ClCompile Include="..\ImgFmt\jpeg\jdpostct.c">
      <Filter>ImgFmt sources\libjpeg</Filter>
    </ClCompile>
    <ClCompile Include="..\ImgFmt\jpeg\jdsample.c">
      <Filter>ImgFmt sources\libjpeg</Filter>
    </ClCompile>
    <ClCompile Include="..\ImgFmt\jpeg\jdtrans.c">
      <Filter>ImgFmt sources\libjpeg</Filter>
    </ClCompile>
    <ClCompile Include="..\ImgFmt\jpeg\jerror.c">
      <Filter>ImgFmt sources\libjpeg</Filter>
    </ClCompile>
    <ClCompile Include="..\ImgFmt\jpeg\jfdctflt.c">
      <Filter>ImgFmt sources\libjpeg</Filter>
    </ClCompile>
    <ClCompile Include="..\ImgFmt\jpeg\jfdctfst.c">
      <Filter>ImgFmt sources\libjpeg</Filter>
    </ClCompile>
    <ClCompile Include="..\ImgFmt\jpeg\jfdctint.c">
      <Filter>ImgFmt sources\libjpeg</Filter>
    </ClCompile>
    <ClCompile Include="..\ImgFmt\jpeg\jidctflt.c">
      <Filter>ImgFmt sources\libjpeg</Filter>
    </ClCompile>
    <ClCompile Include="..\ImgFmt\jpeg\jidctfst.c">
      <Filter>ImgFmt sources\libjpeg</Filter>
    </ClCompile>
    <ClCompile Include="..\ImgFmt\jpeg\jidctint.c">
      <Filter>ImgFmt sources\libjpeg</Filter>
    </ClCompile>
    <ClCompile Include="..\ImgFmt\jpeg\jmemmgr.c">
      <Filter>ImgFmt sources\libjpeg</Filter>
    </ClCompile>
    <ClCompile Include="..\ImgFmt\jpeg\jmemnobs.c">
      <Filter>ImgFmt sources\libjpeg</Filter>
    </ClCompile>
    <ClCompile Include="..\ImgFmt\jpeg\jquant1.c">
      <Filter>ImgFmt sources\libjpeg</Filter>
    </ClCompile>
    <ClCompile Include="..\ImgFmt\jpeg\jquant2.c">
      <Filter>ImgFmt sources\libjpeg</Filter>
    </ClCompile>
    <ClCompile Include="..\ImgFmt\jpeg\jutils.c">
      <Filter>ImgFmt sources\libjpeg</Filter>
    </ClCompile>
  </ItemGroup>
  <ItemGroup>
    <ClInclude Include="BmImgLoad.h">
      <Filter>sources</Filter>
    </ClInclude>
    <ClInclude Include="BmImgSave.h">
      <Filter>sources</Filter>
    </ClInclude>
    <ClInclude Include="ConvOne.hpp">
      <Filter>sources</Filter>
    </ClInclude>
    <ClInclude Include="gen.h">
      <Filter>sources</Filter>
    </ClInclude>
    <ClInclude Include="..\Proc\BppCnvImg.hpp">
      <Filter>Proc</Filter>
    </ClInclude>
    <ClInclude Include="..\Proc\DecreaseColorHst.hpp">
      <Filter>Proc</Filter>
    </ClInclude>
    <ClInclude Include="..\Proc\DecreaseColorIfWithin256.hpp">
      <Filter>Proc</Filter>
    </ClInclude>
    <ClInclude Include="..\Proc\DecreaseColorMC.hpp">
      <Filter>Proc</Filter>
    </ClInclude>
    <ClInclude Include="..\Proc\FixedClut256.hpp">
      <Filter>Proc</Filter>
    </ClInclude>
    <ClInclude Include="..\Proc\PaternDither.hpp">
      <Filter>Proc</Filter>
    </ClInclude>
    <ClInclude Include="..\Proc\pix32.h">
      <Filter>Proc</Filter>
    </ClInclude>
    <ClInclude Include="..\Proc\pix32_bokashi.h">
      <Filter>Proc</Filter>
    </ClInclude>
    <ClInclude Include="..\Proc\pix32_colCnv.h">
      <Filter>Proc</Filter>
    </ClInclude>
    <ClInclude Include="..\Proc\pix32_kyuv.h">
      <Filter>Proc</Filter>
    </ClInclude>
    <ClInclude Include="..\Proc\Pix32_Paint.hpp">
      <Filter>Proc</Filter>
    </ClInclude>
    <ClInclude Include="..\Proc\Pix32_Resize.h">
      <Filter>Proc</Filter>
    </ClInclude>
    <ClInclude Include="..\Proc\pix32_resizeAveragingI.h">
      <Filter>Proc</Filter>
    </ClInclude>
    <ClInclude Include="..\Proc\pix32_resizeBicubic.h">
      <Filter>Proc</Filter>
    </ClInclude>
    <ClInclude Include="..\Proc\pix32_resizeBilinear.h">
      <Filter>Proc</Filter>
    </ClInclude>
    <ClInclude Include="..\Proc\pix8.h">
      <Filter>Proc</Filter>
    </ClInclude>
    <ClInclude Include="..\Proc\pix_subr.h">
      <Filter>Proc</Filter>
    </ClInclude>
    <ClInclude Include="..\misc\def.h">
      <Filter>Misc</Filter>
    </ClInclude>
    <ClInclude Include="..\misc\subr.h">
      <Filter>Misc</Filter>
    </ClInclude>
    <ClInclude Include="..\ImgFmt\beta.h">
      <Filter>ImgFmt header</Filter>
    </ClInclude>
    <ClInclude Include="..\ImgFmt\bmp_read.h">
      <Filter>ImgFmt header</Filter>
    </ClInclude>
    <ClInclude Include="..\ImgFmt\bmp_wrt.h">
      <Filter>ImgFmt header</Filter>
    </ClInclude>
    <ClInclude Include="..\ImgFmt\JpgDecoder.hpp">
      <Filter>ImgFmt header</Filter>
    </ClInclude>
    <ClInclude Include="..\ImgFmt\JpgEncoder.hpp">
      <Filter>ImgFmt header</Filter>
    </ClInclude>
    <ClInclude Include="..\ImgFmt\PngDecoder.hpp">
      <Filter>ImgFmt header</Filter>
    </ClInclude>
    <ClInclude Include="..\ImgFmt\PngEncoder.hpp">
      <Filter>ImgFmt header</Filter>
    </ClInclude>
    <ClInclude Include="..\ImgFmt\tga_read.h">
      <Filter>ImgFmt header</Filter>
    </ClInclude>
    <ClInclude Include="..\ImgFmt\tga_wrt.h">
      <Filter>ImgFmt header</Filter>
    </ClInclude>
  </ItemGroup>
</Project>